
Microsoft Visual Studio Solution File, Format Version 12.00
# Visual Studio Version 17
VisualStudioVersion = 17.0.31903.59
MinimumVisualStudioVersion = 10.0.40219.1
Project("{FAE04EC0-301F-11D3-BF4B-00C04F79EFBC}") = "Presentation", "Presentation\Presentation.csproj", "{E0939D8D-6CE6-4F2B-A465-3F5BC5C97649}"
EndProject
Project("{FAE04EC0-301F-11D3-BF4B-00C04F79EFBC}") = "Application", "Application\Application.csproj", "{5F0C8098-F85B-4E36-BD01-E17C561FE794}"
EndProject
Project("{FAE04EC0-301F-11D3-BF4B-00C04F79EFBC}") = "Domain", "Domain\Domain.csproj", "{E0B4983D-84E3-4302-9A0E-296F9271B8DD}"
EndProject
Project("{FAE04EC0-301F-11D3-BF4B-00C04F79EFBC}") = "Insfrastructure", "Insfrastructure\Insfrastructure.csproj", "{2300B547-685A-48D8-9C7D-7053F160A50D}"
EndProject
Global
	GlobalSection(SolutionConfigurationPlatforms) = preSolution
		Debug|Any CPU = Debug|Any CPU
		Release|Any CPU = Release|Any CPU
	EndGlobalSection
	GlobalSection(SolutionProperties) = preSolution
		HideSolutionNode = FALSE
	EndGlobalSection
	GlobalSection(ProjectConfigurationPlatforms) = postSolution
		{E0939D8D-6CE6-4F2B-A465-3F5BC5C97649}.Debug|Any CPU.ActiveCfg = Debug|Any CPU
		{E0939D8D-6CE6-4F2B-A465-3F5BC5C97649}.Debug|Any CPU.Build.0 = Debug|Any CPU
		{E0939D8D-6CE6-4F2B-A465-3F5BC5C97649}.Release|Any CPU.ActiveCfg = Release|Any CPU
		{E0939D8D-6CE6-4F2B-A465-3F5BC5C97649}.Release|Any CPU.Build.0 = Release|Any CPU
		{5F0C8098-F85B-4E36-BD01-E17C561FE794}.Debug|Any CPU.ActiveCfg = Debug|Any CPU
		{5F0C8098-F85B-4E36-BD01-E17C561FE794}.Debug|Any CPU.Build.0 = Debug|Any CPU
		{5F0C8098-F85B-4E36-BD01-E17C561FE794}.Release|Any CPU.ActiveCfg = Release|Any CPU
		{5F0C8098-F85B-4E36-BD01-E17C561FE794}.Release|Any CPU.Build.0 = Release|Any CPU
		{E0B4983D-84E3-4302-9A0E-296F9271B8DD}.Debug|Any CPU.ActiveCfg = Debug|Any CPU
		{E0B4983D-84E3-4302-9A0E-296F9271B8DD}.Debug|Any CPU.Build.0 = Debug|Any CPU
		{E0B4983D-84E3-4302-9A0E-296F9271B8DD}.Release|Any CPU.ActiveCfg = Release|Any CPU
		{E0B4983D-84E3-4302-9A0E-296F9271B8DD}.Release|Any CPU.Build.0 = Release|Any CPU
		{2300B547-685A-48D8-9C7D-7053F160A50D}.Debug|Any CPU.ActiveCfg = Debug|Any CPU
		{2300B547-685A-48D8-9C7D-7053F160A50D}.Debug|Any CPU.Build.0 = Debug|Any CPU
		{2300B547-685A-48D8-9C7D-7053F160A50D}.Release|Any CPU.ActiveCfg = Release|Any CPU
		{2300B547-685A-48D8-9C7D-7053F160A50D}.Release|Any CPU.Build.0 = Release|Any CPU
	EndGlobalSection
EndGlobal
